
Microsoft Visual Studio Solution File, Format Version 12.00
# Visual Studio Version 16
VisualStudioVersion = 16.0.30517.126
MinimumVisualStudioVersion = 10.0.40219.1
Project("{9A19103F-16F7-4668-BE54-9A1E7A4F7556}") = "dotnetcore.API.Anime", "dotnetcore.API.Anime\dotnetcore.API.Anime.csproj", "{97C41F8C-E9DC-42F5-8C61-D074C03E0FD0}"
EndProject
Project("{9A19103F-16F7-4668-BE54-9A1E7A4F7556}") = "dotnetcore.API.Anime.BusinessObjects", "dotnetcore.API.Anime.BusinessObjects\dotnetcore.API.Anime.BusinessObjects.csproj", "{A754D1B6-3D78-4E9D-8189-C5058CAB7BE9}"
EndProject
Project("{9A19103F-16F7-4668-BE54-9A1E7A4F7556}") = "dotnetcore.API.Anime.Dal", "dotnetcore.API.Anime.Dal\dotnetcore.API.Anime.Dal.csproj", "{C57B841D-91C5-4131-A1DF-11230DB64DE1}"
EndProject
Project("{FAE04EC0-301F-11D3-BF4B-00C04F79EFBC}") = "dotnetcore.API.Anime.Tests", "dotnetcore.API.Anime.Tests\dotnetcore.API.Anime.Tests.csproj", "{553D56BF-A07A-47C6-B144-CAB2235CA579}"
EndProject
Global
	GlobalSection(SolutionConfigurationPlatforms) = preSolution
		Debug|Any CPU = Debug|Any CPU
		Release|Any CPU = Release|Any CPU
	EndGlobalSection
	GlobalSection(ProjectConfigurationPlatforms) = postSolution
		{97C41F8C-E9DC-42F5-8C61-D074C03E0FD0}.Debug|Any CPU.ActiveCfg = Debug|Any CPU
		{97C41F8C-E9DC-42F5-8C61-D074C03E0FD0}.Debug|Any CPU.Build.0 = Debug|Any CPU
		{97C41F8C-E9DC-42F5-8C61-D074C03E0FD0}.Release|Any CPU.ActiveCfg = Release|Any CPU
		{97C41F8C-E9DC-42F5-8C61-D074C03E0FD0}.Release|Any CPU.Build.0 = Release|Any CPU
		{A754D1B6-3D78-4E9D-8189-C5058CAB7BE9}.Debug|Any CPU.ActiveCfg = Debug|Any CPU
		{A754D1B6-3D78-4E9D-8189-C5058CAB7BE9}.Debug|Any CPU.Build.0 = Debug|Any CPU
		{A754D1B6-3D78-4E9D-8189-C5058CAB7BE9}.Release|Any CPU.ActiveCfg = Release|Any CPU
		{A754D1B6-3D78-4E9D-8189-C5058CAB7BE9}.Release|Any CPU.Build.0 = Release|Any CPU
		{C57B841D-91C5-4131-A1DF-11230DB64DE1}.Debug|Any CPU.ActiveCfg = Debug|Any CPU
		{C57B841D-91C5-4131-A1DF-11230DB64DE1}.Debug|Any CPU.Build.0 = Debug|Any CPU
		{C57B841D-91C5-4131-A1DF-11230DB64DE1}.Release|Any CPU.ActiveCfg = Release|Any CPU
		{C57B841D-91C5-4131-A1DF-11230DB64DE1}.Release|Any CPU.Build.0 = Release|Any CPU
		{553D56BF-A07A-47C6-B144-CAB2235CA579}.Debug|Any CPU.ActiveCfg = Debug|Any CPU
		{553D56BF-A07A-47C6-B144-CAB2235CA579}.Debug|Any CPU.Build.0 = Debug|Any CPU
		{553D56BF-A07A-47C6-B144-CAB2235CA579}.Release|Any CPU.ActiveCfg = Release|Any CPU
		{553D56BF-A07A-47C6-B144-CAB2235CA579}.Release|Any CPU.Build.0 = Release|Any CPU
	EndGlobalSection
	GlobalSection(SolutionProperties) = preSolution
		HideSolutionNode = FALSE
	EndGlobalSection
	GlobalSection(ExtensibilityGlobals) = postSolution
		SolutionGuid = {13FE17E2-269F-45CB-9FA7-6E4D1C126C9E}
	EndGlobalSection
EndGlobal
